
Microsoft Visual Studio Solution File, Format Version 12.00
# Visual Studio Version 16
VisualStudioVersion = 16.0.29324.140
MinimumVisualStudioVersion = 10.0.40219.1
Project("{9A19103F-16F7-4668-BE54-9A1E7A4F7556}") = "MMDTools", "MMDTools\MMDTools.csproj", "{2F426329-68D9-4D20-954E-4E41D951C0BD}"
EndProject
Project("{2150E333-8FDC-42A3-9474-1A3956D46DE8}") = "Tests", "Tests", "{00E6453C-24F6-4EA5-A7A9-53AAD9A8FE28}"
EndProject
Project("{FAE04EC0-301F-11D3-BF4B-00C04F79EFBC}") = "Test", "Test\Test.csproj", "{61065D56-65C2-419D-91C9-5B9D49A7C18B}"
EndProject
Global
	GlobalSection(SolutionConfigurationPlatforms) = preSolution
		Debug|Any CPU = Debug|Any CPU
		Release|Any CPU = Release|Any CPU
	EndGlobalSection
	GlobalSection(ProjectConfigurationPlatforms) = postSolution
		{2F426329-68D9-4D20-954E-4E41D951C0BD}.Debug|Any CPU.ActiveCfg = Debug|Any CPU
		{2F426329-68D9-4D20-954E-4E41D951C0BD}.Debug|Any CPU.Build.0 = Debug|Any CPU
		{2F426329-68D9-4D20-954E-4E41D951C0BD}.Release|Any CPU.ActiveCfg = Release|Any CPU
		{2F426329-68D9-4D20-954E-4E41D951C0BD}.Release|Any CPU.Build.0 = Release|Any CPU
		{61065D56-65C2-419D-91C9-5B9D49A7C18B}.Debug|Any CPU.ActiveCfg = Debug|Any CPU
		{61065D56-65C2-419D-91C9-5B9D49A7C18B}.Debug|Any CPU.Build.0 = Debug|Any CPU
		{61065D56-65C2-419D-91C9-5B9D49A7C18B}.Release|Any CPU.ActiveCfg = Release|Any CPU
		{61065D56-65C2-419D-91C9-5B9D49A7C18B}.Release|Any CPU.Build.0 = Release|Any CPU
	EndGlobalSection
	GlobalSection(SolutionProperties) = preSolution
		HideSolutionNode = FALSE
	EndGlobalSection
	GlobalSection(NestedProjects) = preSolution
		{61065D56-65C2-419D-91C9-5B9D49A7C18B} = {00E6453C-24F6-4EA5-A7A9-53AAD9A8FE28}
	EndGlobalSection
	GlobalSection(ExtensibilityGlobals) = postSolution
		SolutionGuid = {ED891A4C-C3A0-4EA1-98AE-DEFFBCFF8839}
	EndGlobalSection
EndGlobal
